
Microsoft Visual Studio Solution File, Format Version 12.00
# Visual Studio Version 17
VisualStudioVersion = 17.3.32825.248
MinimumVisualStudioVersion = 10.0.40219.1
Project("{FAE04EC0-301F-11D3-BF4B-00C04F79EFBC}") = "FileHashChecker", "FileHashChecker\FileHashChecker.csproj", "{7B411D08-9683-4352-818E-D177F96769AB}"
EndProject
Global
	GlobalSection(SolutionConfigurationPlatforms) = preSolution
		Debug|Any CPU = Debug|Any CPU
		Release|Any CPU = Release|Any CPU
	EndGlobalSection
	GlobalSection(ProjectConfigurationPlatforms) = postSolution
		{7B411D08-9683-4352-818E-D177F96769AB}.Debug|Any CPU.ActiveCfg = Debug|Any CPU
		{7B411D08-9683-4352-818E-D177F96769AB}.Debug|Any CPU.Build.0 = Debug|Any CPU
		{7B411D08-9683-4352-818E-D177F96769AB}.Release|Any CPU.ActiveCfg = Release|Any CPU
		{7B411D08-9683-4352-818E-D177F96769AB}.Release|Any CPU.Build.0 = Release|Any CPU
	EndGlobalSection
	GlobalSection(SolutionProperties) = preSolution
		HideSolutionNode = FALSE
	EndGlobalSection
	GlobalSection(ExtensibilityGlobals) = postSolution
		SolutionGuid = {2352AF05-70A0-4DFC-B034-0DF8D36A5D35}
	EndGlobalSection
EndGlobal
